
Microsoft Visual Studio Solution File, Format Version 12.00
# Visual Studio Version 17
VisualStudioVersion = 17.14.36811.4 d17.14
MinimumVisualStudioVersion = 10.0.40219.1
Project("{FAE04EC0-301F-11D3-BF4B-00C04F79EFBC}") = "Lab_1_2", "Lab_1_2\Lab_1_2.csproj", "{4844E842-5202-4384-9052-ECF71DD38E9D}"
EndProject
Global
	GlobalSection(SolutionConfigurationPlatforms) = preSolution
		Debug|Any CPU = Debug|Any CPU
		Release|Any CPU = Release|Any CPU
	EndGlobalSection
	GlobalSection(ProjectConfigurationPlatforms) = postSolution
		{4844E842-5202-4384-9052-ECF71DD38E9D}.Debug|Any CPU.ActiveCfg = Debug|Any CPU
		{4844E842-5202-4384-9052-ECF71DD38E9D}.Debug|Any CPU.Build.0 = Debug|Any CPU
		{4844E842-5202-4384-9052-ECF71DD38E9D}.Release|Any CPU.ActiveCfg = Release|Any CPU
		{4844E842-5202-4384-9052-ECF71DD38E9D}.Release|Any CPU.Build.0 = Release|Any CPU
	EndGlobalSection
	GlobalSection(SolutionProperties) = preSolution
		HideSolutionNode = FALSE
	EndGlobalSection
	GlobalSection(ExtensibilityGlobals) = postSolution
		SolutionGuid = {B359986E-E575-41BD-9AC5-9CE44640C5A4}
	EndGlobalSection
EndGlobal
